
Microsoft Visual Studio Solution File, Format Version 12.00
# Visual Studio Version 17
VisualStudioVersion = 17.7.34031.279
MinimumVisualStudioVersion = 10.0.40219.1
Project("{FAE04EC0-301F-11D3-BF4B-00C04F79EFBC}") = "ApparelShop", "ApparelShop\ApparelShop.csproj", "{23802D9E-0133-4554-9D9A-3694CB868E89}"
EndProject
Global
	GlobalSection(SolutionConfigurationPlatforms) = preSolution
		Debug|Any CPU = Debug|Any CPU
		Release|Any CPU = Release|Any CPU
	EndGlobalSection
	GlobalSection(ProjectConfigurationPlatforms) = postSolution
		{23802D9E-0133-4554-9D9A-3694CB868E89}.Debug|Any CPU.ActiveCfg = Debug|Any CPU
		{23802D9E-0133-4554-9D9A-3694CB868E89}.Debug|Any CPU.Build.0 = Debug|Any CPU
		{23802D9E-0133-4554-9D9A-3694CB868E89}.Release|Any CPU.ActiveCfg = Release|Any CPU
		{23802D9E-0133-4554-9D9A-3694CB868E89}.Release|Any CPU.Build.0 = Release|Any CPU
	EndGlobalSection
	GlobalSection(SolutionProperties) = preSolution
		HideSolutionNode = FALSE
	EndGlobalSection
	GlobalSection(ExtensibilityGlobals) = postSolution
		SolutionGuid = {73A64018-874D-4ADA-A880-C677FFB21D0E}
	EndGlobalSection
EndGlobal
